
Microsoft Visual Studio Solution File, Format Version 12.00
# Visual Studio 15
VisualStudioVersion = 15.0.27703.2042
MinimumVisualStudioVersion = 10.0.40219.1
Project("{FAE04EC0-301F-11D3-BF4B-00C04F79EFBC}") = "WebSocketTest", "WebSocketTest\WebSocketTest.csproj", "{3BA7FF66-49B1-42ED-92CC-5032D272085E}"
EndProject
Project("{FAE04EC0-301F-11D3-BF4B-00C04F79EFBC}") = "NormalWebSocketTest", "NormalWebSocketTest\NormalWebSocketTest.csproj", "{994ACA83-CC5C-4AEC-8EE1-8B17959CB2C4}"
EndProject
Project("{FAE04EC0-301F-11D3-BF4B-00C04F79EFBC}") = "SignalRWebTest", "SignalRWebText\SignalRWebTest.csproj", "{A9D7D584-BE17-4334-AB4F-C68F4F62CE7B}"
EndProject
Project("{FAE04EC0-301F-11D3-BF4B-00C04F79EFBC}") = "SignalRHelper", "SignalRHelper\SignalRHelper.csproj", "{C116BA7D-1615-421D-8A2E-A69F5845AC7C}"
EndProject
Project("{FAE04EC0-301F-11D3-BF4B-00C04F79EFBC}") = "ConsoleApp1", "ConsoleApp1\ConsoleApp1.csproj", "{48134C2B-56B1-49A4-AF16-56496DECF1F5}"
EndProject
Global
	GlobalSection(SolutionConfigurationPlatforms) = preSolution
		Debug|Any CPU = Debug|Any CPU
		Release|Any CPU = Release|Any CPU
	EndGlobalSection
	GlobalSection(ProjectConfigurationPlatforms) = postSolution
		{3BA7FF66-49B1-42ED-92CC-5032D272085E}.Debug|Any CPU.ActiveCfg = Debug|Any CPU
		{3BA7FF66-49B1-42ED-92CC-5032D272085E}.Debug|Any CPU.Build.0 = Debug|Any CPU
		{3BA7FF66-49B1-42ED-92CC-5032D272085E}.Release|Any CPU.ActiveCfg = Release|Any CPU
		{3BA7FF66-49B1-42ED-92CC-5032D272085E}.Release|Any CPU.Build.0 = Release|Any CPU
		{994ACA83-CC5C-4AEC-8EE1-8B17959CB2C4}.Debug|Any CPU.ActiveCfg = Debug|Any CPU
		{994ACA83-CC5C-4AEC-8EE1-8B17959CB2C4}.Debug|Any CPU.Build.0 = Debug|Any CPU
		{994ACA83-CC5C-4AEC-8EE1-8B17959CB2C4}.Release|Any CPU.ActiveCfg = Release|Any CPU
		{994ACA83-CC5C-4AEC-8EE1-8B17959CB2C4}.Release|Any CPU.Build.0 = Release|Any CPU
		{A9D7D584-BE17-4334-AB4F-C68F4F62CE7B}.Debug|Any CPU.ActiveCfg = Debug|Any CPU
		{A9D7D584-BE17-4334-AB4F-C68F4F62CE7B}.Debug|Any CPU.Build.0 = Debug|Any CPU
		{A9D7D584-BE17-4334-AB4F-C68F4F62CE7B}.Release|Any CPU.ActiveCfg = Release|Any CPU
		{A9D7D584-BE17-4334-AB4F-C68F4F62CE7B}.Release|Any CPU.Build.0 = Release|Any CPU
		{C116BA7D-1615-421D-8A2E-A69F5845AC7C}.Debug|Any CPU.ActiveCfg = Debug|Any CPU
		{C116BA7D-1615-421D-8A2E-A69F5845AC7C}.Debug|Any CPU.Build.0 = Debug|Any CPU
		{C116BA7D-1615-421D-8A2E-A69F5845AC7C}.Release|Any CPU.ActiveCfg = Release|Any CPU
		{C116BA7D-1615-421D-8A2E-A69F5845AC7C}.Release|Any CPU.Build.0 = Release|Any CPU
		{48134C2B-56B1-49A4-AF16-56496DECF1F5}.Debug|Any CPU.ActiveCfg = Debug|Any CPU
		{48134C2B-56B1-49A4-AF16-56496DECF1F5}.Debug|Any CPU.Build.0 = Debug|Any CPU
		{48134C2B-56B1-49A4-AF16-56496DECF1F5}.Release|Any CPU.ActiveCfg = Release|Any CPU
		{48134C2B-56B1-49A4-AF16-56496DECF1F5}.Release|Any CPU.Build.0 = Release|Any CPU
	EndGlobalSection
	GlobalSection(SolutionProperties) = preSolution
		HideSolutionNode = FALSE
	EndGlobalSection
	GlobalSection(ExtensibilityGlobals) = postSolution
		SolutionGuid = {E5FC34DD-CD1B-43C8-BE7D-1A0B18E5C07F}
	EndGlobalSection
EndGlobal
